
Microsoft Visual Studio Solution File, Format Version 12.00
# Visual Studio 15
VisualStudioVersion = 15.0.26730.15
MinimumVisualStudioVersion = 10.0.40219.1
Project("{9A19103F-16F7-4668-BE54-9A1E7A4F7556}") = "Hawk.CoreEx", "Hawk.CoreEx\Hawk.CoreEx.csproj", "{490BE54D-FD82-4E61-86C4-F0EB652BB20D}"
EndProject
Project("{9A19103F-16F7-4668-BE54-9A1E7A4F7556}") = "Hawk.Core", "Hawk.Core\Hawk.Core.csproj", "{FFA93F71-3023-4311-B519-3F671FAAFCE9}"
EndProject
Global
	GlobalSection(SolutionConfigurationPlatforms) = preSolution
		Debug|Any CPU = Debug|Any CPU
		Release|Any CPU = Release|Any CPU
	EndGlobalSection
	GlobalSection(ProjectConfigurationPlatforms) = postSolution
		{490BE54D-FD82-4E61-86C4-F0EB652BB20D}.Debug|Any CPU.ActiveCfg = Debug|Any CPU
		{490BE54D-FD82-4E61-86C4-F0EB652BB20D}.Debug|Any CPU.Build.0 = Debug|Any CPU
		{490BE54D-FD82-4E61-86C4-F0EB652BB20D}.Release|Any CPU.ActiveCfg = Release|Any CPU
		{490BE54D-FD82-4E61-86C4-F0EB652BB20D}.Release|Any CPU.Build.0 = Release|Any CPU
		{FFA93F71-3023-4311-B519-3F671FAAFCE9}.Debug|Any CPU.ActiveCfg = Debug|Any CPU
		{FFA93F71-3023-4311-B519-3F671FAAFCE9}.Debug|Any CPU.Build.0 = Debug|Any CPU
		{FFA93F71-3023-4311-B519-3F671FAAFCE9}.Release|Any CPU.ActiveCfg = Release|Any CPU
		{FFA93F71-3023-4311-B519-3F671FAAFCE9}.Release|Any CPU.Build.0 = Release|Any CPU
	EndGlobalSection
	GlobalSection(SolutionProperties) = preSolution
		HideSolutionNode = FALSE
	EndGlobalSection
	GlobalSection(ExtensibilityGlobals) = postSolution
		SolutionGuid = {823965BC-A684-4B55-B99C-14667255A609}
	EndGlobalSection
EndGlobal
