
Microsoft Visual Studio Solution File, Format Version 12.00
# Visual Studio 15
VisualStudioVersion = 15.0.26730.15
MinimumVisualStudioVersion = 10.0.40219.1
Project("{2150E333-8FDC-42A3-9474-1A3956D46DE8}") = "SessionStateProvider", "SessionStateProvider", "{3945CF1E-DC6D-4703-9BDF-FC224888A3B1}"
EndProject
Project("{2150E333-8FDC-42A3-9474-1A3956D46DE8}") = "OutputCacheProvider", "OutputCacheProvider", "{476900D1-0963-460C-8477-E5C38AC000F1}"
EndProject
Project("{FAE04EC0-301F-11D3-BF4B-00C04F79EFBC}") = "RedisSessionStateProvider", "aspnet-redis-providers\RedisSessionStateProvider\RedisSessionStateProvider.csproj", "{B2B31F49-C3B0-47C6-B93B-ACA2CF6F1648}"
EndProject
Project("{FAE04EC0-301F-11D3-BF4B-00C04F79EFBC}") = "RedisOutputCacheProvider", "aspnet-redis-providers\RedisOutputCacheProvider\RedisOutputCacheProvider.csproj", "{4D9B9681-82B2-4FC4-9FA9-7C9B4FEA25ED}"
EndProject
Project("{2150E333-8FDC-42A3-9474-1A3956D46DE8}") = "Readme", "Readme", "{D7383D94-B10D-42BC-9BEA-D0F258E8B792}"
	ProjectSection(SolutionItems) = preProject
		README.md = README.md
	EndProjectSection
EndProject
Project("{2150E333-8FDC-42A3-9474-1A3956D46DE8}") = "demo", "demo", "{51CFDCEF-C94D-4465-987A-372DDB56C114}"
EndProject
Project("{FAE04EC0-301F-11D3-BF4B-00C04F79EFBC}") = "ConsoleApp1", "demo\ConsoleApp1\ConsoleApp1.csproj", "{25E7CBAE-1042-4A21-9776-4F047FC388FA}"
EndProject
Project("{2150E333-8FDC-42A3-9474-1A3956D46DE8}") = "web", "web", "{F247A327-444C-4EB7-92E7-EB249F93F7FC}"
EndProject
Project("{9A19103F-16F7-4668-BE54-9A1E7A4F7556}") = "Hawk.CoreEx", "Hawk.CoreEx\Hawk.CoreEx.csproj", "{490BE54D-FD82-4E61-86C4-F0EB652BB20D}"
EndProject
Project("{2150E333-8FDC-42A3-9474-1A3956D46DE8}") = "common", "common", "{1A2C41D4-E6DF-4AE9-981C-34ED86CB62F0}"
EndProject
Project("{9A19103F-16F7-4668-BE54-9A1E7A4F7556}") = "Hawk.Core", "Hawk.Core\Hawk.Core.csproj", "{FFA93F71-3023-4311-B519-3F671FAAFCE9}"
EndProject
Project("{2150E333-8FDC-42A3-9474-1A3956D46DE8}") = "novel", "novel", "{40704815-900B-45B5-A5E6-89A0A81AD06C}"
EndProject
Project("{9A19103F-16F7-4668-BE54-9A1E7A4F7556}") = "ConsoleApp2", "demo\ConsoleApp2\ConsoleApp2.csproj", "{D179EEAF-0A19-405B-850A-0875D168D1B2}"
EndProject
Project("{9A19103F-16F7-4668-BE54-9A1E7A4F7556}") = "Hawk.Novel", "novel\Hawk.Novel.csproj", "{4B19B0F2-35DA-4C52-AA30-1A05C77552FE}"
EndProject
Project("{FAE04EC0-301F-11D3-BF4B-00C04F79EFBC}") = "Hawk.Exp", "web\Hawk.Exp.csproj", "{293B7E6C-B51B-4E14-8DD4-08A7EF8697F7}"
EndProject
Global
	GlobalSection(SolutionConfigurationPlatforms) = preSolution
		Debug|Any CPU = Debug|Any CPU
		Release|Any CPU = Release|Any CPU
	EndGlobalSection
	GlobalSection(ProjectConfigurationPlatforms) = postSolution
		{B2B31F49-C3B0-47C6-B93B-ACA2CF6F1648}.Debug|Any CPU.ActiveCfg = Debug|Any CPU
		{B2B31F49-C3B0-47C6-B93B-ACA2CF6F1648}.Debug|Any CPU.Build.0 = Debug|Any CPU
		{B2B31F49-C3B0-47C6-B93B-ACA2CF6F1648}.Release|Any CPU.ActiveCfg = Release|Any CPU
		{B2B31F49-C3B0-47C6-B93B-ACA2CF6F1648}.Release|Any CPU.Build.0 = Release|Any CPU
		{4D9B9681-82B2-4FC4-9FA9-7C9B4FEA25ED}.Debug|Any CPU.ActiveCfg = Debug|Any CPU
		{4D9B9681-82B2-4FC4-9FA9-7C9B4FEA25ED}.Debug|Any CPU.Build.0 = Debug|Any CPU
		{4D9B9681-82B2-4FC4-9FA9-7C9B4FEA25ED}.Release|Any CPU.ActiveCfg = Release|Any CPU
		{4D9B9681-82B2-4FC4-9FA9-7C9B4FEA25ED}.Release|Any CPU.Build.0 = Release|Any CPU
		{25E7CBAE-1042-4A21-9776-4F047FC388FA}.Debug|Any CPU.ActiveCfg = Debug|Any CPU
		{25E7CBAE-1042-4A21-9776-4F047FC388FA}.Debug|Any CPU.Build.0 = Debug|Any CPU
		{25E7CBAE-1042-4A21-9776-4F047FC388FA}.Release|Any CPU.ActiveCfg = Release|Any CPU
		{25E7CBAE-1042-4A21-9776-4F047FC388FA}.Release|Any CPU.Build.0 = Release|Any CPU
		{490BE54D-FD82-4E61-86C4-F0EB652BB20D}.Debug|Any CPU.ActiveCfg = Debug|Any CPU
		{490BE54D-FD82-4E61-86C4-F0EB652BB20D}.Debug|Any CPU.Build.0 = Debug|Any CPU
		{490BE54D-FD82-4E61-86C4-F0EB652BB20D}.Release|Any CPU.ActiveCfg = Release|Any CPU
		{490BE54D-FD82-4E61-86C4-F0EB652BB20D}.Release|Any CPU.Build.0 = Release|Any CPU
		{FFA93F71-3023-4311-B519-3F671FAAFCE9}.Debug|Any CPU.ActiveCfg = Debug|Any CPU
		{FFA93F71-3023-4311-B519-3F671FAAFCE9}.Debug|Any CPU.Build.0 = Debug|Any CPU
		{FFA93F71-3023-4311-B519-3F671FAAFCE9}.Release|Any CPU.ActiveCfg = Release|Any CPU
		{FFA93F71-3023-4311-B519-3F671FAAFCE9}.Release|Any CPU.Build.0 = Release|Any CPU
		{D179EEAF-0A19-405B-850A-0875D168D1B2}.Debug|Any CPU.ActiveCfg = Debug|Any CPU
		{D179EEAF-0A19-405B-850A-0875D168D1B2}.Debug|Any CPU.Build.0 = Debug|Any CPU
		{D179EEAF-0A19-405B-850A-0875D168D1B2}.Release|Any CPU.ActiveCfg = Release|Any CPU
		{D179EEAF-0A19-405B-850A-0875D168D1B2}.Release|Any CPU.Build.0 = Release|Any CPU
		{4B19B0F2-35DA-4C52-AA30-1A05C77552FE}.Debug|Any CPU.ActiveCfg = Debug|Any CPU
		{4B19B0F2-35DA-4C52-AA30-1A05C77552FE}.Debug|Any CPU.Build.0 = Debug|Any CPU
		{4B19B0F2-35DA-4C52-AA30-1A05C77552FE}.Release|Any CPU.ActiveCfg = Release|Any CPU
		{4B19B0F2-35DA-4C52-AA30-1A05C77552FE}.Release|Any CPU.Build.0 = Release|Any CPU
		{293B7E6C-B51B-4E14-8DD4-08A7EF8697F7}.Debug|Any CPU.ActiveCfg = Debug|Any CPU
		{293B7E6C-B51B-4E14-8DD4-08A7EF8697F7}.Debug|Any CPU.Build.0 = Debug|Any CPU
		{293B7E6C-B51B-4E14-8DD4-08A7EF8697F7}.Release|Any CPU.ActiveCfg = Release|Any CPU
		{293B7E6C-B51B-4E14-8DD4-08A7EF8697F7}.Release|Any CPU.Build.0 = Release|Any CPU
	EndGlobalSection
	GlobalSection(SolutionProperties) = preSolution
		HideSolutionNode = FALSE
	EndGlobalSection
	GlobalSection(NestedProjects) = preSolution
		{B2B31F49-C3B0-47C6-B93B-ACA2CF6F1648} = {3945CF1E-DC6D-4703-9BDF-FC224888A3B1}
		{4D9B9681-82B2-4FC4-9FA9-7C9B4FEA25ED} = {476900D1-0963-460C-8477-E5C38AC000F1}
		{25E7CBAE-1042-4A21-9776-4F047FC388FA} = {51CFDCEF-C94D-4465-987A-372DDB56C114}
		{490BE54D-FD82-4E61-86C4-F0EB652BB20D} = {1A2C41D4-E6DF-4AE9-981C-34ED86CB62F0}
		{FFA93F71-3023-4311-B519-3F671FAAFCE9} = {1A2C41D4-E6DF-4AE9-981C-34ED86CB62F0}
		{D179EEAF-0A19-405B-850A-0875D168D1B2} = {51CFDCEF-C94D-4465-987A-372DDB56C114}
		{4B19B0F2-35DA-4C52-AA30-1A05C77552FE} = {40704815-900B-45B5-A5E6-89A0A81AD06C}
		{293B7E6C-B51B-4E14-8DD4-08A7EF8697F7} = {F247A327-444C-4EB7-92E7-EB249F93F7FC}
	EndGlobalSection
	GlobalSection(ExtensibilityGlobals) = postSolution
		SolutionGuid = {823965BC-A684-4B55-B99C-14667255A609}
	EndGlobalSection
EndGlobal
