
Microsoft Visual Studio Solution File, Format Version 12.00
# Visual Studio 15
VisualStudioVersion = 15.0.26730.15
MinimumVisualStudioVersion = 10.0.40219.1
Project("{2150E333-8FDC-42A3-9474-1A3956D46DE8}") = "SessionStateProvider", "SessionStateProvider", "{3945CF1E-DC6D-4703-9BDF-FC224888A3B1}"
EndProject
Project("{2150E333-8FDC-42A3-9474-1A3956D46DE8}") = "OutputCacheProvider", "OutputCacheProvider", "{476900D1-0963-460C-8477-E5C38AC000F1}"
EndProject
Project("{FAE04EC0-301F-11D3-BF4B-00C04F79EFBC}") = "RedisSessionStateProvider", "aspnet-redis-providers\RedisSessionStateProvider\RedisSessionStateProvider.csproj", "{B2B31F49-C3B0-47C6-B93B-ACA2CF6F1648}"
EndProject
Project("{FAE04EC0-301F-11D3-BF4B-00C04F79EFBC}") = "RedisOutputCacheProvider", "aspnet-redis-providers\RedisOutputCacheProvider\RedisOutputCacheProvider.csproj", "{4D9B9681-82B2-4FC4-9FA9-7C9B4FEA25ED}"
EndProject
Project("{2150E333-8FDC-42A3-9474-1A3956D46DE8}") = "Readme", "Readme", "{D7383D94-B10D-42BC-9BEA-D0F258E8B792}"
	ProjectSection(SolutionItems) = preProject
		README.md = README.md
	EndProjectSection
EndProject
Project("{2150E333-8FDC-42A3-9474-1A3956D46DE8}") = "novel", "novel", "{88FDFD96-2C2B-4FA1-8D14-BE5F57AB4071}"
EndProject
Project("{9A19103F-16F7-4668-BE54-9A1E7A4F7556}") = "Hawk.Novel", "novel\Hawk.Novel\Hawk.Novel.csproj", "{BC0984C0-67E4-4983-A42E-F75B093A88CF}"
EndProject
Project("{9A19103F-16F7-4668-BE54-9A1E7A4F7556}") = "Hawk.Core", "novel\Hawk.Core\Hawk.Core.csproj", "{1F8608C4-B235-4BEB-BB5C-CF5A2DB5413A}"
EndProject
Project("{2150E333-8FDC-42A3-9474-1A3956D46DE8}") = "demo", "demo", "{51CFDCEF-C94D-4465-987A-372DDB56C114}"
EndProject
Project("{9A19103F-16F7-4668-BE54-9A1E7A4F7556}") = "Hawk.Demo", "demo\Hawk.Demo\Hawk.Demo.csproj", "{BDCEE822-7FE0-4B5B-A482-3CF9F87C3749}"
EndProject
Project("{FAE04EC0-301F-11D3-BF4B-00C04F79EFBC}") = "ConsoleApp1", "demo\ConsoleApp1\ConsoleApp1.csproj", "{25E7CBAE-1042-4A21-9776-4F047FC388FA}"
EndProject
Project("{2150E333-8FDC-42A3-9474-1A3956D46DE8}") = "web", "web", "{F247A327-444C-4EB7-92E7-EB249F93F7FC}"
EndProject
Project("{FAE04EC0-301F-11D3-BF4B-00C04F79EFBC}") = "Hawk.Web", "web\Hawk.Web\Hawk.Web.csproj", "{3E1D0FAB-47C2-4238-9587-341B9DB27968}"
EndProject
Project("{9A19103F-16F7-4668-BE54-9A1E7A4F7556}") = "Hawk.Example", "web\Hawk.Example\Hawk.Example.csproj", "{0F59356B-4DF2-43CC-8D9E-242F5EAC60B6}"
EndProject
Project("{9A19103F-16F7-4668-BE54-9A1E7A4F7556}") = "Hawk.DemoMvc", "web\Hawk.DemoMvc\Hawk.DemoMvc.csproj", "{E68692F4-9BA7-40D5-957B-B78D4467FF46}"
EndProject
Global
	GlobalSection(SolutionConfigurationPlatforms) = preSolution
		Debug|Any CPU = Debug|Any CPU
		Release|Any CPU = Release|Any CPU
	EndGlobalSection
	GlobalSection(ProjectConfigurationPlatforms) = postSolution
		{B2B31F49-C3B0-47C6-B93B-ACA2CF6F1648}.Debug|Any CPU.ActiveCfg = Debug|Any CPU
		{B2B31F49-C3B0-47C6-B93B-ACA2CF6F1648}.Debug|Any CPU.Build.0 = Debug|Any CPU
		{B2B31F49-C3B0-47C6-B93B-ACA2CF6F1648}.Release|Any CPU.ActiveCfg = Release|Any CPU
		{B2B31F49-C3B0-47C6-B93B-ACA2CF6F1648}.Release|Any CPU.Build.0 = Release|Any CPU
		{4D9B9681-82B2-4FC4-9FA9-7C9B4FEA25ED}.Debug|Any CPU.ActiveCfg = Debug|Any CPU
		{4D9B9681-82B2-4FC4-9FA9-7C9B4FEA25ED}.Debug|Any CPU.Build.0 = Debug|Any CPU
		{4D9B9681-82B2-4FC4-9FA9-7C9B4FEA25ED}.Release|Any CPU.ActiveCfg = Release|Any CPU
		{4D9B9681-82B2-4FC4-9FA9-7C9B4FEA25ED}.Release|Any CPU.Build.0 = Release|Any CPU
		{BC0984C0-67E4-4983-A42E-F75B093A88CF}.Debug|Any CPU.ActiveCfg = Debug|Any CPU
		{BC0984C0-67E4-4983-A42E-F75B093A88CF}.Debug|Any CPU.Build.0 = Debug|Any CPU
		{BC0984C0-67E4-4983-A42E-F75B093A88CF}.Release|Any CPU.ActiveCfg = Release|Any CPU
		{BC0984C0-67E4-4983-A42E-F75B093A88CF}.Release|Any CPU.Build.0 = Release|Any CPU
		{1F8608C4-B235-4BEB-BB5C-CF5A2DB5413A}.Debug|Any CPU.ActiveCfg = Debug|Any CPU
		{1F8608C4-B235-4BEB-BB5C-CF5A2DB5413A}.Debug|Any CPU.Build.0 = Debug|Any CPU
		{1F8608C4-B235-4BEB-BB5C-CF5A2DB5413A}.Release|Any CPU.ActiveCfg = Release|Any CPU
		{1F8608C4-B235-4BEB-BB5C-CF5A2DB5413A}.Release|Any CPU.Build.0 = Release|Any CPU
		{BDCEE822-7FE0-4B5B-A482-3CF9F87C3749}.Debug|Any CPU.ActiveCfg = Debug|Any CPU
		{BDCEE822-7FE0-4B5B-A482-3CF9F87C3749}.Debug|Any CPU.Build.0 = Debug|Any CPU
		{BDCEE822-7FE0-4B5B-A482-3CF9F87C3749}.Release|Any CPU.ActiveCfg = Release|Any CPU
		{BDCEE822-7FE0-4B5B-A482-3CF9F87C3749}.Release|Any CPU.Build.0 = Release|Any CPU
		{25E7CBAE-1042-4A21-9776-4F047FC388FA}.Debug|Any CPU.ActiveCfg = Debug|Any CPU
		{25E7CBAE-1042-4A21-9776-4F047FC388FA}.Debug|Any CPU.Build.0 = Debug|Any CPU
		{25E7CBAE-1042-4A21-9776-4F047FC388FA}.Release|Any CPU.ActiveCfg = Release|Any CPU
		{25E7CBAE-1042-4A21-9776-4F047FC388FA}.Release|Any CPU.Build.0 = Release|Any CPU
		{3E1D0FAB-47C2-4238-9587-341B9DB27968}.Debug|Any CPU.ActiveCfg = Debug|Any CPU
		{3E1D0FAB-47C2-4238-9587-341B9DB27968}.Debug|Any CPU.Build.0 = Debug|Any CPU
		{3E1D0FAB-47C2-4238-9587-341B9DB27968}.Release|Any CPU.ActiveCfg = Release|Any CPU
		{3E1D0FAB-47C2-4238-9587-341B9DB27968}.Release|Any CPU.Build.0 = Release|Any CPU
		{0F59356B-4DF2-43CC-8D9E-242F5EAC60B6}.Debug|Any CPU.ActiveCfg = Debug|Any CPU
		{0F59356B-4DF2-43CC-8D9E-242F5EAC60B6}.Debug|Any CPU.Build.0 = Debug|Any CPU
		{0F59356B-4DF2-43CC-8D9E-242F5EAC60B6}.Release|Any CPU.ActiveCfg = Release|Any CPU
		{0F59356B-4DF2-43CC-8D9E-242F5EAC60B6}.Release|Any CPU.Build.0 = Release|Any CPU
		{E68692F4-9BA7-40D5-957B-B78D4467FF46}.Debug|Any CPU.ActiveCfg = Debug|Any CPU
		{E68692F4-9BA7-40D5-957B-B78D4467FF46}.Debug|Any CPU.Build.0 = Debug|Any CPU
		{E68692F4-9BA7-40D5-957B-B78D4467FF46}.Release|Any CPU.ActiveCfg = Release|Any CPU
		{E68692F4-9BA7-40D5-957B-B78D4467FF46}.Release|Any CPU.Build.0 = Release|Any CPU
	EndGlobalSection
	GlobalSection(SolutionProperties) = preSolution
		HideSolutionNode = FALSE
	EndGlobalSection
	GlobalSection(NestedProjects) = preSolution
		{B2B31F49-C3B0-47C6-B93B-ACA2CF6F1648} = {3945CF1E-DC6D-4703-9BDF-FC224888A3B1}
		{4D9B9681-82B2-4FC4-9FA9-7C9B4FEA25ED} = {476900D1-0963-460C-8477-E5C38AC000F1}
		{BC0984C0-67E4-4983-A42E-F75B093A88CF} = {88FDFD96-2C2B-4FA1-8D14-BE5F57AB4071}
		{1F8608C4-B235-4BEB-BB5C-CF5A2DB5413A} = {88FDFD96-2C2B-4FA1-8D14-BE5F57AB4071}
		{BDCEE822-7FE0-4B5B-A482-3CF9F87C3749} = {51CFDCEF-C94D-4465-987A-372DDB56C114}
		{25E7CBAE-1042-4A21-9776-4F047FC388FA} = {51CFDCEF-C94D-4465-987A-372DDB56C114}
		{3E1D0FAB-47C2-4238-9587-341B9DB27968} = {F247A327-444C-4EB7-92E7-EB249F93F7FC}
		{0F59356B-4DF2-43CC-8D9E-242F5EAC60B6} = {F247A327-444C-4EB7-92E7-EB249F93F7FC}
		{E68692F4-9BA7-40D5-957B-B78D4467FF46} = {F247A327-444C-4EB7-92E7-EB249F93F7FC}
	EndGlobalSection
	GlobalSection(ExtensibilityGlobals) = postSolution
		SolutionGuid = {823965BC-A684-4B55-B99C-14667255A609}
	EndGlobalSection
EndGlobal
